
Microsoft Visual Studio Solution File, Format Version 12.00
# Visual Studio Version 17
VisualStudioVersion = 17.1.32228.430
MinimumVisualStudioVersion = 10.0.40219.1
Project("{FAE04EC0-301F-11D3-BF4B-00C04F79EFBC}") = "AppAgendaDeContatos.Android", "AppAgendaDeContatos\AppAgendaDeContatos.Android\AppAgendaDeContatos.Android.csproj", "{31019B1F-0EDE-4922-AD3F-EF33B5CACFFE}"
EndProject
Project("{FAE04EC0-301F-11D3-BF4B-00C04F79EFBC}") = "AppAgendaDeContatos", "AppAgendaDeContatos\AppAgendaDeContatos\AppAgendaDeContatos.csproj", "{B216BEF5-17E7-421B-AF17-A219DD6EA322}"
EndProject
Global
	GlobalSection(SolutionConfigurationPlatforms) = preSolution
		Debug|Any CPU = Debug|Any CPU
		Release|Any CPU = Release|Any CPU
	EndGlobalSection
	GlobalSection(ProjectConfigurationPlatforms) = postSolution
		{31019B1F-0EDE-4922-AD3F-EF33B5CACFFE}.Debug|Any CPU.ActiveCfg = Debug|Any CPU
		{31019B1F-0EDE-4922-AD3F-EF33B5CACFFE}.Debug|Any CPU.Build.0 = Debug|Any CPU
		{31019B1F-0EDE-4922-AD3F-EF33B5CACFFE}.Debug|Any CPU.Deploy.0 = Debug|Any CPU
		{31019B1F-0EDE-4922-AD3F-EF33B5CACFFE}.Release|Any CPU.ActiveCfg = Release|Any CPU
		{31019B1F-0EDE-4922-AD3F-EF33B5CACFFE}.Release|Any CPU.Build.0 = Release|Any CPU
		{31019B1F-0EDE-4922-AD3F-EF33B5CACFFE}.Release|Any CPU.Deploy.0 = Release|Any CPU
		{B216BEF5-17E7-421B-AF17-A219DD6EA322}.Debug|Any CPU.ActiveCfg = Debug|Any CPU
		{B216BEF5-17E7-421B-AF17-A219DD6EA322}.Debug|Any CPU.Build.0 = Debug|Any CPU
		{B216BEF5-17E7-421B-AF17-A219DD6EA322}.Debug|Any CPU.Deploy.0 = Debug|Any CPU
		{B216BEF5-17E7-421B-AF17-A219DD6EA322}.Release|Any CPU.ActiveCfg = Release|Any CPU
		{B216BEF5-17E7-421B-AF17-A219DD6EA322}.Release|Any CPU.Build.0 = Release|Any CPU
		{B216BEF5-17E7-421B-AF17-A219DD6EA322}.Release|Any CPU.Deploy.0 = Release|Any CPU
	EndGlobalSection
	GlobalSection(SolutionProperties) = preSolution
		HideSolutionNode = FALSE
	EndGlobalSection
	GlobalSection(ExtensibilityGlobals) = postSolution
		SolutionGuid = {C91207BB-DEDE-4793-8E77-5CBB8AF9AE58}
	EndGlobalSection
EndGlobal
